{
  "name": "021a18960b94108e",
  "lockfileVersion": 3,
  "requires": true,
  "packages": {
    "": {
      "dependencies": {
        "create-next-app": "^15.3.3"
      }
    },
    "node_modules/create-next-app": {
      "version": "15.3.3",
      "resolved": "https://registry.npmjs.org/create-next-app/-/create-next-app-15.3.3.tgz",
      "integrity": "sha512-UfU8s5M3jWZw86HHLja56fh4zC5PEtSbG4NeqHtbl9+5enWE0Eu8FcU/1tO1GbCyZQZVa50RhmGIXd6m8H3I7g==",
      "license": "MIT",
      "bin": {
        "create-next-app": "dist/index.js"
      },
      "engines": {
        "node": ">=18.18.0"
      }
    }
  }
}
